{
  "lockfileVersion": 1,
  "workspaces": {
    "": {
      "name": "vue",
      "dependencies": {
        "@opentui/core": "^0.1.25",
        "@opentui/vue": "^0.1.25",
        "bun-plugin-vue3": "^1.0.0-beta.2",
        "vue": "^3.5.20",
      },
      "devDependencies": {
        "@types/bun": "latest",
      },
      "peerDependencies": {
        "typescript": "^5",
      },
    },
  },
  "packages": {
    "@babel/helper-string-parser": ["@babel/helper-string-parser@7.27.1", "", {}, "sha512-qMlSxKbpRlAridDExk92nSobyDdpPijUq2DW6oDnUqd0iOGxmQjyqhMIihI9+zv4LPyZdRje2cavWPbCbWm3eA=="],

    "@babel/helper-validator-identifier": ["@babel/helper-validator-identifier@7.27.1", "", {}, "sha512-D2hP9eA+Sqx1kBZgzxZh0y1trbuU+JoDkiEwqhQ36nodYqJwyEIhPSdMNd7lOm/4io72luTPWH20Yda0xOuUow=="],

    "@babel/parser": ["@babel/parser@7.28.3", "", { "dependencies": { "@babel/types": "^7.28.2" }, "bin": "./bin/babel-parser.js" }, "sha512-7+Ey1mAgYqFAx2h0RuoxcQT5+MlG3GTV0TQrgr7/ZliKsm/MNDxVVutlWaziMq7wJNAz8MTqz55XLpWvva6StA=="],

    "@babel/types": ["@babel/types@7.28.2", "", { "dependencies": { "@babel/helper-string-parser": "^7.27.1", "@babel/helper-validator-identifier": "^7.27.1" } }, "sha512-ruv7Ae4J5dUYULmeXw1gmb7rYRz57OWCPM57pHojnLq/3Z1CK2lNSLTCVjxVk1F/TZHwOZZrOWi0ur95BbLxNQ=="],

    "@dimforge/rapier2d-simd-compat": ["@dimforge/rapier2d-simd-compat@0.17.3", "", {}, "sha512-bijvwWz6NHsNj5e5i1vtd3dU2pDhthSaTUZSh14DUGGKJfw8eMnlWZsxwHBxB/a3AXVNDjL9abuHw1k9FGR+jg=="],

    "@jridgewell/sourcemap-codec": ["@jridgewell/sourcemap-codec@1.5.5", "", {}, "sha512-cYQ9310grqxueWbl+WuIUIaiUaDcj7WOq5fVhEljNVgRfOUhY9fy2zTvfoqWsnebh8Sl70VScFbICvJnLKB0Og=="],

    "@opentui/core": ["@opentui/core@0.1.25", "", { "optionalDependencies": { "@dimforge/rapier2d-simd-compat": "^0.17.3", "@opentui/core-darwin-arm64": "0.1.25", "@opentui/core-darwin-x64": "0.1.25", "@opentui/core-linux-arm64": "0.1.25", "@opentui/core-linux-x64": "0.1.25", "@opentui/core-win32-arm64": "0.1.25", "@opentui/core-win32-x64": "0.1.25", "bun-webgpu": "0.1.3", "planck": "^1.4.2", "three": "0.177.0" } }, "sha512-QLx9dpgDJB+dOfQw2u41PixG1HnYqwgp0zxBgmUsy/Kg6RB//zppW1Nh25MwathCia7XKViXGQBrRxcRaO8YLg=="],

    "@opentui/core-darwin-arm64": ["@opentui/core-darwin-arm64@0.1.25", "", { "os": "darwin", "cpu": "arm64" }, "sha512-dnbRU908GMatdeuByLSj8UNxEw7HVpmf8qupjU6lAscdfPRDfrlhTakO9tizE/CVwo9VxgiP9kQuh1MHTXPtJg=="],

    "@opentui/core-darwin-x64": ["@opentui/core-darwin-x64@0.1.25", "", { "os": "darwin", "cpu": "x64" }, "sha512-5Mo8B5IOmAsQPgkFjiTPcyVnMgYCKEGVleEf2VARhbNw+SQbqqdblpZ4s0vf9OoncQ4U/nj2E8MGAcZmnIJtXA=="],

    "@opentui/core-linux-arm64": ["@opentui/core-linux-arm64@0.1.25", "", { "os": "linux", "cpu": "arm64" }, "sha512-7AEiKvrUO4xNckZbi1UXWCuYxWceH3CAd+ARUKSpkjtNLJ43f2jsVN+sqNKPvhqlcwdrk+5gVxJDSlthxIaaFg=="],

    "@opentui/core-linux-x64": ["@opentui/core-linux-x64@0.1.25", "", { "os": "linux", "cpu": "x64" }, "sha512-wbwQvFYArvINXqpeLm7ZjiD8JlEVq4i1IHdD7ElPKYWsJbqekv/sVLKP1P3YicHfY4Jlbe9s4i8bOMOZfZJycQ=="],

    "@opentui/core-win32-arm64": ["@opentui/core-win32-arm64@0.1.25", "", { "os": "win32", "cpu": "arm64" }, "sha512-5/Ij4zejWLLolbZ7nfNISBJefjJzLwfaqVzHe648g5EtppnLGjzQGnvorfEyUcQycAJY/gJTHi8SqnKhr166GA=="],

    "@opentui/core-win32-x64": ["@opentui/core-win32-x64@0.1.25", "", { "os": "win32", "cpu": "x64" }, "sha512-YXAMr6vO/AoPDHn3u46128EuOAE1Hz2GVlJMXxCm+AeMd9xzQdFOgml9qbjAq+ii5OXSyQG9wmRBeZQsWAniGA=="],

    "@opentui/vue": ["@opentui/vue@0.1.25", "", { "dependencies": { "@opentui/core": "0.1.25", "@vue/runtime-core": "^3.5.18" }, "peerDependencies": { "typescript": "^5", "vue": "^3.5.18" } }, "sha512-8PeafkzLJ0SK7XhuyQ9Q8GfpEyzDimJAuvCUlk3UAIWuOQdzhgjV9yYQFLclrKt81j1El3j0is5vQfYT0iLiMg=="],

    "@types/bun": ["@types/bun@1.2.21", "", { "dependencies": { "bun-types": "1.2.21" } }, "sha512-NiDnvEqmbfQ6dmZ3EeUO577s4P5bf4HCTXtI6trMc6f6RzirY5IrF3aIookuSpyslFzrnvv2lmEWv5HyC1X79A=="],

    "@types/node": ["@types/node@24.3.0", "", { "dependencies": { "undici-types": "~7.10.0" } }, "sha512-aPTXCrfwnDLj4VvXrm+UUCQjNEvJgNA8s5F1cvwQU+3KNltTOkBm1j30uNLyqqPNe7gE3KFzImYoZEfLhp4Yow=="],

    "@types/react": ["@types/react@19.1.12", "", { "dependencies": { "csstype": "^3.0.2" } }, "sha512-cMoR+FoAf/Jyq6+Df2/Z41jISvGZZ2eTlnsaJRptmZ76Caldwy1odD4xTr/gNV9VLj0AWgg/nmkevIyUfIIq5w=="],

    "@vue/compiler-core": ["@vue/compiler-core@3.5.20", "", { "dependencies": { "@babel/parser": "^7.28.3", "@vue/shared": "3.5.20", "entities": "^4.5.0", "estree-walker": "^2.0.2", "source-map-js": "^1.2.1" } }, "sha512-8TWXUyiqFd3GmP4JTX9hbiTFRwYHgVL/vr3cqhr4YQ258+9FADwvj7golk2sWNGHR67QgmCZ8gz80nQcMokhwg=="],

    "@vue/compiler-dom": ["@vue/compiler-dom@3.5.20", "", { "dependencies": { "@vue/compiler-core": "3.5.20", "@vue/shared": "3.5.20" } }, "sha512-whB44M59XKjqUEYOMPYU0ijUV0G+4fdrHVKDe32abNdX/kJe1NUEMqsi4cwzXa9kyM9w5S8WqFsrfo1ogtBZGQ=="],

    "@vue/compiler-sfc": ["@vue/compiler-sfc@3.5.20", "", { "dependencies": { "@babel/parser": "^7.28.3", "@vue/compiler-core": "3.5.20", "@vue/compiler-dom": "3.5.20", "@vue/compiler-ssr": "3.5.20", "@vue/shared": "3.5.20", "estree-walker": "^2.0.2", "magic-string": "^0.30.17", "postcss": "^8.5.6", "source-map-js": "^1.2.1" } }, "sha512-SFcxapQc0/feWiSBfkGsa1v4DOrnMAQSYuvDMpEaxbpH5dKbnEM5KobSNSgU+1MbHCl+9ftm7oQWxvwDB6iBfw=="],

    "@vue/compiler-ssr": ["@vue/compiler-ssr@3.5.20", "", { "dependencies": { "@vue/compiler-dom": "3.5.20", "@vue/shared": "3.5.20" } }, "sha512-RSl5XAMc5YFUXpDQi+UQDdVjH9FnEpLDHIALg5J0ITHxkEzJ8uQLlo7CIbjPYqmZtt6w0TsIPbo1izYXwDG7JA=="],

    "@vue/reactivity": ["@vue/reactivity@3.5.20", "", { "dependencies": { "@vue/shared": "3.5.20" } }, "sha512-hS8l8x4cl1fmZpSQX/NXlqWKARqEsNmfkwOIYqtR2F616NGfsLUm0G6FQBK6uDKUCVyi1YOL8Xmt/RkZcd/jYQ=="],

    "@vue/runtime-core": ["@vue/runtime-core@3.5.20", "", { "dependencies": { "@vue/reactivity": "3.5.20", "@vue/shared": "3.5.20" } }, "sha512-vyQRiH5uSZlOa+4I/t4Qw/SsD/gbth0SW2J7oMeVlMFMAmsG1rwDD6ok0VMmjXY3eI0iHNSSOBilEDW98PLRKw=="],

    "@vue/runtime-dom": ["@vue/runtime-dom@3.5.20", "", { "dependencies": { "@vue/reactivity": "3.5.20", "@vue/runtime-core": "3.5.20", "@vue/shared": "3.5.20", "csstype": "^3.1.3" } }, "sha512-KBHzPld/Djw3im0CQ7tGCpgRedryIn4CcAl047EhFTCCPT2xFf4e8j6WeKLgEEoqPSl9TYqShc3Q6tpWpz/Xgw=="],

    "@vue/server-renderer": ["@vue/server-renderer@3.5.20", "", { "dependencies": { "@vue/compiler-ssr": "3.5.20", "@vue/shared": "3.5.20" }, "peerDependencies": { "vue": "3.5.20" } }, "sha512-HthAS0lZJDH21HFJBVNTtx+ULcIbJQRpjSVomVjfyPkFSpCwvsPTA+jIzOaUm3Hrqx36ozBHePztQFg6pj5aKg=="],

    "@vue/shared": ["@vue/shared@3.5.20", "", {}, "sha512-SoRGP596KU/ig6TfgkCMbXkr4YJ91n/QSdMuqeP5r3hVIYA3CPHUBCc7Skak0EAKV+5lL4KyIh61VA/pK1CIAA=="],

    "@webgpu/types": ["@webgpu/types@0.1.64", "", {}, "sha512-84kRIAGV46LJTlJZWxShiOrNL30A+9KokD7RB3dRCIqODFjodS5tCD5yyiZ8kIReGVZSDfA3XkkwyyOIF6K62A=="],

    "bun-plugin-vue3": ["bun-plugin-vue3@1.0.0-beta.2", "", { "peerDependencies": { "vue": ">=3.0.0" } }, "sha512-FBBt+2yFrklOLtXzL79bwaohyjsXc/UUMfFVANolAT7kYnpvI1KgzmOJyS0ubB4jAuW81/cR6aWV+oIC3j5+3A=="],

    "bun-types": ["bun-types@1.2.21", "", { "dependencies": { "@types/node": "*" }, "peerDependencies": { "@types/react": "^19" } }, "sha512-sa2Tj77Ijc/NTLS0/Odjq/qngmEPZfbfnOERi0KRUYhT9R8M4VBioWVmMWE5GrYbKMc+5lVybXygLdibHaqVqw=="],

    "bun-webgpu": ["bun-webgpu@0.1.3", "", { "dependencies": { "@webgpu/types": "^0.1.60" }, "optionalDependencies": { "bun-webgpu-darwin-arm64": "^0.1.3", "bun-webgpu-darwin-x64": "^0.1.3", "bun-webgpu-linux-x64": "^0.1.3", "bun-webgpu-win32-x64": "^0.1.3" } }, "sha512-IXFxaIi4rgsEEpl9n/QVDm5RajCK/0FcOXZeMb52YRjoiAR1YVYK5hLrXT8cm+KDi6LVahA9GJFqOR4yiloVCw=="],

    "bun-webgpu-darwin-arm64": ["bun-webgpu-darwin-arm64@0.1.3", "", { "os": "darwin", "cpu": "arm64" }, "sha512-KkNQ9gT7dxGDndQaHTTHss9miukqpczML3pO2nZJoT/nITwe9lw3ZGFJMujkW41BUQ1mDYKFgo5nBGf9xYHPAg=="],

    "bun-webgpu-darwin-x64": ["bun-webgpu-darwin-x64@0.1.3", "", { "os": "darwin", "cpu": "x64" }, "sha512-TODWnMUbCoqD/wqzlB3oGOBIUWIFly0lqMeBFz/MBV+ndjbnkNrP9huaZJCTkCVEPKGtd1FCM3ExZUtBbnGziA=="],

    "bun-webgpu-linux-x64": ["bun-webgpu-linux-x64@0.1.3", "", { "os": "linux", "cpu": "x64" }, "sha512-lVHORoVu1G61XVM8CRRqUsqr6w8kMlpuSpbPGpKUpmvrsoay6ymXAhT5lRPKyrGNamHUQTknmWdI59aRDCfLtQ=="],

    "bun-webgpu-win32-x64": ["bun-webgpu-win32-x64@0.1.3", "", { "os": "win32", "cpu": "x64" }, "sha512-vlspsFffctJlBnFfs2lW3QgDD6LyFu8VT18ryID7Qka5poTj0clGVRxz7DFRi7yva3GovEGw/82z/WVc5US8Pw=="],

    "csstype": ["csstype@3.1.3", "", {}, "sha512-M1uQkMl8rQK/szD0LNhtqxIPLpimGm8sOBwU7lLnCpSbTyY3yeU1Vc7l4KT5zT4s/yOxHH5O7tIuuLOCnLADRw=="],

    "entities": ["entities@4.5.0", "", {}, "sha512-V0hjH4dGPh9Ao5p0MoRY6BVqtwCjhz6vI5LT8AJ55H+4g9/4vbHx1I54fS0XuclLhDHArPQCiMjDxjaL8fPxhw=="],

    "estree-walker": ["estree-walker@2.0.2", "", {}, "sha512-Rfkk/Mp/DL7JVje3u18FxFujQlTNR2q6QfMSMB7AvCBx91NGj/ba3kCfza0f6dVDbw7YlRf/nDrn7pQrCCyQ/w=="],

    "magic-string": ["magic-string@0.30.18", "", { "dependencies": { "@jridgewell/sourcemap-codec": "^1.5.5" } }, "sha512-yi8swmWbO17qHhwIBNeeZxTceJMeBvWJaId6dyvTSOwTipqeHhMhOrz6513r1sOKnpvQ7zkhlG8tPrpilwTxHQ=="],

    "nanoid": ["nanoid@3.3.11", "", { "bin": { "nanoid": "bin/nanoid.cjs" } }, "sha512-N8SpfPUnUp1bK+PMYW8qSWdl9U+wwNWI4QKxOYDy9JAro3WMX7p2OeVRF9v+347pnakNevPmiHhNmZ2HbFA76w=="],

    "picocolors": ["picocolors@1.1.1", "", {}, "sha512-xceH2snhtb5M9liqDsmEw56le376mTZkEX/jEb/RxNFyegNul7eNslCXP9FDj/Lcu0X8KEyMceP2ntpaHrDEVA=="],

    "planck": ["planck@1.4.2", "", { "peerDependencies": { "stage-js": "^1.0.0-alpha.12" } }, "sha512-mNbhnV3g8X2rwGxzcesjmN8BDA6qfXgQxXVMkWau9MCRlQY0RLNEkyHlVp6yFy/X6qrzAXyNONCnZ1cGDLrNew=="],

    "postcss": ["postcss@8.5.6", "", { "dependencies": { "nanoid": "^3.3.11", "picocolors": "^1.1.1", "source-map-js": "^1.2.1" } }, "sha512-3Ybi1tAuwAP9s0r1UQ2J4n5Y0G05bJkpUIO0/bI9MhwmD70S5aTWbXGBwxHrelT+XM1k6dM0pk+SwNkpTRN7Pg=="],

    "source-map-js": ["source-map-js@1.2.1", "", {}, "sha512-UXWMKhLOwVKb728IUtQPXxfYU+usdybtUrK/8uGE8CQMvrhOpwvzDBwj0QhSL7MQc7vIsISBG8VQ8+IDQxpfQA=="],

    "stage-js": ["stage-js@1.0.0-alpha.17", "", {}, "sha512-AzlMO+t51v6cFvKZ+Oe9DJnL1OXEH5s9bEy6di5aOrUpcP7PCzI/wIeXF0u3zg0L89gwnceoKxrLId0ZpYnNXw=="],

    "three": ["three@0.177.0", "", {}, "sha512-EiXv5/qWAaGI+Vz2A+JfavwYCMdGjxVsrn3oBwllUoqYeaBO75J63ZfyaQKoiLrqNHoTlUc6PFgMXnS0kI45zg=="],

    "typescript": ["typescript@5.9.2", "", { "bin": { "tsc": "bin/tsc", "tsserver": "bin/tsserver" } }, "sha512-CWBzXQrc/qOkhidw1OzBTQuYRbfyxDXJMVJ1XNwUHGROVmuaeiEm3OslpZ1RV96d7SKKjZKrSJu3+t/xlw3R9A=="],

    "undici-types": ["undici-types@7.10.0", "", {}, "sha512-t5Fy/nfn+14LuOc2KNYg75vZqClpAiqscVvMygNnlsHBFpSXdJaYtXMcdNLpl/Qvc3P2cB3s6lOV51nqsFq4ag=="],

    "vue": ["vue@3.5.20", "", { "dependencies": { "@vue/compiler-dom": "3.5.20", "@vue/compiler-sfc": "3.5.20", "@vue/runtime-dom": "3.5.20", "@vue/server-renderer": "3.5.20", "@vue/shared": "3.5.20" }, "peerDependencies": { "typescript": "*" }, "optionalPeers": ["typescript"] }, "sha512-2sBz0x/wis5TkF1XZ2vH25zWq3G1bFEPOfkBcx2ikowmphoQsPH6X0V3mmPCXA2K1N/XGTnifVyDQP4GfDDeQw=="],
  }
}
